
Microsoft Visual Studio Solution File, Format Version 12.00
# Visual Studio Version 17
VisualStudioVersion = 17.2.32616.157
MinimumVisualStudioVersion = 10.0.40219.1
Project("{FAE04EC0-301F-11D3-BF4B-00C04F79EFBC}") = "SistemaCadastro", "SistemaCadastro\SistemaCadastro.csproj", "{060EE446-7866-4183-BCED-B784B04D39C9}"
EndProject
Global
	GlobalSection(SolutionConfigurationPlatforms) = preSolution
		Debug|Any CPU = Debug|Any CPU
		Release|Any CPU = Release|Any CPU
	EndGlobalSection
	GlobalSection(ProjectConfigurationPlatforms) = postSolution
		{060EE446-7866-4183-BCED-B784B04D39C9}.Debug|Any CPU.ActiveCfg = Debug|Any CPU
		{060EE446-7866-4183-BCED-B784B04D39C9}.Debug|Any CPU.Build.0 = Debug|Any CPU
		{060EE446-7866-4183-BCED-B784B04D39C9}.Release|Any CPU.ActiveCfg = Release|Any CPU
		{060EE446-7866-4183-BCED-B784B04D39C9}.Release|Any CPU.Build.0 = Release|Any CPU
	EndGlobalSection
	GlobalSection(SolutionProperties) = preSolution
		HideSolutionNode = FALSE
	EndGlobalSection
	GlobalSection(ExtensibilityGlobals) = postSolution
		SolutionGuid = {F04CE497-A052-47DD-AC2E-AC1E93B76EA2}
	EndGlobalSection
EndGlobal
