
Microsoft Visual Studio Solution File, Format Version 12.00
# Visual Studio Version 17
VisualStudioVersion = 17.2.32616.157
MinimumVisualStudioVersion = 10.0.40219.1
Project("{9A19103F-16F7-4668-BE54-9A1E7A4F7556}") = "SistemaCadastro", "SistemaCadastro.csproj", "{8FA8B89E-8F80-46DB-8A53-8E256CDEEBE0}"
EndProject
Global
	GlobalSection(SolutionConfigurationPlatforms) = preSolution
		Debug|Any CPU = Debug|Any CPU
		Release|Any CPU = Release|Any CPU
	EndGlobalSection
	GlobalSection(ProjectConfigurationPlatforms) = postSolution
		{8FA8B89E-8F80-46DB-8A53-8E256CDEEBE0}.Debug|Any CPU.ActiveCfg = Debug|Any CPU
		{8FA8B89E-8F80-46DB-8A53-8E256CDEEBE0}.Debug|Any CPU.Build.0 = Debug|Any CPU
		{8FA8B89E-8F80-46DB-8A53-8E256CDEEBE0}.Release|Any CPU.ActiveCfg = Release|Any CPU
		{8FA8B89E-8F80-46DB-8A53-8E256CDEEBE0}.Release|Any CPU.Build.0 = Release|Any CPU
	EndGlobalSection
	GlobalSection(SolutionProperties) = preSolution
		HideSolutionNode = FALSE
	EndGlobalSection
	GlobalSection(ExtensibilityGlobals) = postSolution
		SolutionGuid = {2094A086-4CCE-4DA5-B831-65F5A67BCADE}
	EndGlobalSection
EndGlobal
